
Microsoft Visual Studio Solution File, Format Version 12.00
# Visual Studio Version 16
VisualStudioVersion = 16.0.30717.126
MinimumVisualStudioVersion = 10.0.40219.1
Project("{FAE04EC0-301F-11D3-BF4B-00C04F79EFBC}") = "CSVDataChanger", "CSVDataChanger.csproj", "{88ADBFAE-B899-4E3A-B397-FB454D37C802}"
EndProject
Global
	GlobalSection(SolutionConfigurationPlatforms) = preSolution
		Debug|Any CPU = Debug|Any CPU
		Release|Any CPU = Release|Any CPU
	EndGlobalSection
	GlobalSection(ProjectConfigurationPlatforms) = postSolution
		{88ADBFAE-B899-4E3A-B397-FB454D37C802}.Debug|Any CPU.ActiveCfg = Debug|Any CPU
		{88ADBFAE-B899-4E3A-B397-FB454D37C802}.Debug|Any CPU.Build.0 = Debug|Any CPU
		{88ADBFAE-B899-4E3A-B397-FB454D37C802}.Release|Any CPU.ActiveCfg = Release|Any CPU
		{88ADBFAE-B899-4E3A-B397-FB454D37C802}.Release|Any CPU.Build.0 = Release|Any CPU
	EndGlobalSection
	GlobalSection(SolutionProperties) = preSolution
		HideSolutionNode = FALSE
	EndGlobalSection
	GlobalSection(ExtensibilityGlobals) = postSolution
		SolutionGuid = {AF74ED0D-2C7F-49A0-B1EE-C6C49411EA77}
	EndGlobalSection
EndGlobal
